// !$*UTF8*$!
{
	archiveVersion = 1;
	classes = {
	};
	objectVersion = 46;
	objects = {

/* Begin PBXBuildFile section */
		54CC7D9A1E3C891E001A2943 /* AppDelegate.swift in Sources */ = {isa = PBXBuildFile; fileRef = 54CC7D991E3C891E001A2943 /* AppDelegate.swift */; };
		54CC7D9C1E3C891E001A2943 /* ViewController.swift in Sources */ = {isa = PBXBuildFile; fileRef = 54CC7D9B1E3C891E001A2943 /* ViewController.swift */; };
		54CC7D9F1E3C891E001A2943 /* Main.storyboard in Resources */ = {isa = PBXBuildFile; fileRef = 54CC7D9D1E3C891E001A2943 /* Main.storyboard */; };
		54CC7DA11E3C891E001A2943 /* Assets.xcassets in Resources */ = {isa = PBXBuildFile; fileRef = 54CC7DA01E3C891E001A2943 /* Assets.xcassets */; };
		54CC7DA41E3C891E001A2943 /* LaunchScreen.storyboard in Resources */ = {isa = PBXBuildFile; fileRef = 54CC7DA21E3C891E001A2943 /* LaunchScreen.storyboard */; };
		54CC7DAC1E3C8DD4001A2943 /* NameViewController.swift in Sources */ = {isa = PBXBuildFile; fileRef = 54CC7DAB1E3C8DD4001A2943 /* NameViewController.swift */; };
/* End PBXBuildFile section */

/* Begin PBXFileReference section */
		54CC7D961E3C891E001A2943 /* SecondKadaiApp.app */ = {isa = PBXFileReference; explicitFileType = wrapper.application; includeInIndex = 0; path = SecondKadaiApp.app; sourceTree = BUILT_PRODUCTS_DIR; };
		54CC7D991E3C891E001A2943 /* AppDelegate.swift */ = {isa = PBXFileReference; lastKnownFileType = sourcecode.swift; path = AppDelegate.swift; sourceTree = "<group>"; };
		54CC7D9B1E3C891E001A2943 /* ViewController.swift */ = {isa = PBXFileReference; lastKnownFileType = sourcecode.swift; path = ViewController.swift; sourceTree = "<group>"; };
		54CC7D9E1E3C891E001A2943 /* Base */ = {isa = PBXFileReference; lastKnownFileType = file.storyboard; name = Base; path = Base.lproj/Main.storyboard; sourceTree = "<group>"; };
		54CC7DA01E3C891E001A2943 /* Assets.xcassets */ = {isa = PBXFileReference; lastKnownFileType = folder.assetcatalog; path = Assets.xcassets; sourceTree = "<group>"; };
		54CC7DA31E3C891E001A2943 /* Base */ = {isa = PBXFileReference; lastKnownFileType = file.storyboard; name = Base; path = Base.lproj/LaunchScreen.storyboard; sourceTree = "<group>"; };
		54CC7DA51E3C891E001A2943 /* Info.plist */ = {isa = PBXFileReference; lastKnownFileType = text.plist.xml; path = Info.plist; sourceTree = "<group>"; };
		54CC7DAB1E3C8DD4001A2943 /* NameViewController.swift */ = {isa = PBXFileReference; fileEncoding = 4; lastKnownFileType = sourcecode.swift; path = NameViewController.swift; sourceTree = "<group>"; };
/* End PBXFileReference section */

/* Begin PBXFrameworksBuildPhase section */
		54CC7D931E3C891E001A2943 /* Frameworks */ = {
			isa = PBXFrameworksBuildPhase;
			buildActionMask = 2147483647;
			files = (
			);
			runOnlyForDeploymentPostprocessing = 0;
		};
/* End PBXFrameworksBuildPhase section */

/* Begin PBXGroup section */
		54CC7D8D1E3C891E001A2943 = {
			isa = PBXGroup;
			children = (
				54CC7DAB1E3C8DD4001A2943 /* NameViewController.swift */,
				54CC7D981E3C891E001A2943 /* SecondKadaiApp */,
				54CC7D971E3C891E001A2943 /* Products */,
			);
			sourceTree = "<group>";
		};
		54CC7D971E3C891E001A2943 /* Products */ = {
			isa = PBXGroup;
			children = (
				54CC7D961E3C891E001A2943 /* SecondKadaiApp.app */,
			);
			name = Products;
			sourceTree = "<group>";
		};
		54CC7D981E3C891E001A2943 /* SecondKadaiApp */ = {
			isa = PBXGroup;
			children = (
				54CC7D991E3C891E001A2943 /* AppDelegate.swift */,
				54CC7D9B1E3C891E001A2943 /* ViewController.swift */,
				54CC7D9D1E3C891E001A2943 /* Main.storyboard */,
				54CC7DA01E3C891E001A2943 /* Assets.xcassets */,
				54CC7DA21E3C891E001A2943 /* LaunchScreen.storyboard */,
				54CC7DA51E3C891E001A2943 /* Info.plist */,
			);
			path = SecondKadaiApp;
			sourceTree = "<group>";
		};
/* End PBXGroup section */

/* Begin PBXNativeTarget section */
		54CC7D951E3C891E001A2943 /* SecondKadaiApp */ = {
			isa = PBXNativeTarget;
			buildConfigurationList = 54CC7DA81E3C891E001A2943 /* Build configuration list for PBXNativeTarget "SecondKadaiApp" */;
			buildPhases = (
				54CC7D921E3C891E001A2943 /* Sources */,
				54CC7D931E3C891E001A2943 /* Frameworks */,
				54CC7D941E3C891E001A2943 /* Resources */,
			);
			buildRules = (
			);
			dependencies = (
			);
			name = SecondKadaiApp;
			productName = SecondKadaiApp;
			productReference = 54CC7D961E3C891E001A2943 /* SecondKadaiApp.app */;
			productType = "com.apple.product-type.application";
		};
/* End PBXNativeTarget section */

/* Begin PBXProject section */
		54CC7D8E1E3C891E001A2943 /* Project object */ = {
			isa = PBXProject;
			attributes = {
				LastSwiftUpdateCheck = 0820;
				LastUpgradeCheck = 0820;
				ORGANIZATIONNAME = shin02;
				TargetAttributes = {
					54CC7D951E3C891E001A2943 = {
						CreatedOnToolsVersion = 8.2.1;
						DevelopmentTeam = 9D2322888X;
						ProvisioningStyle = Automatic;
					};
				};
			};
			buildConfigurationList = 54CC7D911E3C891E001A2943 /* Build configuration list for PBXProject "SecondKadaiApp" */;
			compatibilityVersion = "Xcode 3.2";
			developmentRegion = English;
			hasScannedForEncodings = 0;
			knownRegions = (
				en,
				Base,
			);
			mainGroup = 54CC7D8D1E3C891E001A2943;
			productRefGroup = 54CC7D971E3C891E001A2943 /* Products */;
			projectDirPath = "";
			projectRoot = "";
			targets = (
				54CC7D951E3C891E001A2943 /* SecondKadaiApp */,
			);
		};
/* End PBXProject section */

/* Begin PBXResourcesBuildPhase section */
		54CC7D941E3C891E001A2943 /* Resources */ = {
			isa = PBXResourcesBuildPhase;
			buildActionMask = 2147483647;
			files = (
				54CC7DA41E3C891E001A2943 /* LaunchScreen.storyboard in Resources */,
				54CC7DA11E3C891E001A2943 /* Assets.xcassets in Resources */,
				54CC7D9F1E3C891E001A2943 /* Main.storyboard in Resources */,
			);
			runOnlyForDeploymentPostprocessing = 0;
		};
/* End PBXResourcesBuildPhase section */

/* Begin PBXSourcesBuildPhase section */
		54CC7D921E3C891E001A2943 /* Sources */ = {
			isa = PBXSourcesBuildPhase;
			buildActionMask = 2147483647;
			files = (
				54CC7D9C1E3C891E001A2943 /* ViewController.swift in Sources */,
				54CC7D9A1E3C891E001A2943 /* AppDelegate.swift in Sources */,
				54CC7DAC1E3C8DD4001A2943 /* NameViewController.swift in Sources */,
			);
			runOnlyForDeploymentPostprocessing = 0;
		};
/* End PBXSourcesBuildPhase section */

/* Begin PBXVariantGroup section */
		54CC7D9D1E3C891E001A2943 /* Main.storyboard */ = {
			isa = PBXVariantGroup;
			children = (
				54CC7D9E1E3C891E001A2943 /* Base */,
			);
			name = Main.storyboard;
			sourceTree = "<group>";
		};
		54CC7DA21E3C891E001A2943 /* LaunchScreen.storyboard */ = {
			isa = PBXVariantGroup;
			children = (
				54CC7DA31E3C891E001A2943 /* Base */,
			);
			name = LaunchScreen.storyboard;
			sourceTree = "<group>";
		};
/* End PBXVariantGroup section */

/* Begin XCBuildConfiguration section */
		54CC7DA61E3C891E001A2943 /* Debug */ = {
			isa = XCBuildConfiguration;
			buildSettings = {
				ALWAYS_SEARCH_USER_PATHS = NO;
				CLANG_ANALYZER_NONNULL = YES;
				CLANG_CXX_LANGUAGE_STANDARD = "gnu++0x";
				CLANG_CXX_LIBRARY = "libc++";
				CLANG_ENABLE_MODULES = YES;
				CLANG_ENABLE_OBJC_ARC = YES;
				CLANG_WARN_BOOL_CONVERSION = YES;
				CLANG_WARN_CONSTANT_CONVERSION = YES;
				CLANG_WARN_DIRECT_OBJC_ISA_USAGE = YES_ERROR;
				CLANG_WARN_DOCUMENTATION_COMMENTS = YES;
				CLANG_WARN_EMPTY_BODY = YES;
				CLANG_WARN_ENUM_CONVERSION = YES;
				CLANG_WARN_INFINITE_RECURSION = YES;
				CLANG_WARN_INT_CONVERSION = YES;
				CLANG_WARN_OBJC_ROOT_CLASS = YES_ERROR;
				CLANG_WARN_SUSPICIOUS_MOVE = YES;
				CLANG_WARN_UNREACHABLE_CODE = YES;
				CLANG_WARN__DUPLICATE_METHOD_MATCH = YES;
				"CODE_SIGN_IDENTITY[sdk=iphoneos*]" = "iPhone Developer";
				COPY_PHASE_STRIP = NO;
				DEBUG_INFORMATION_FORMAT = dwarf;
				ENABLE_STRICT_OBJC_MSGSEND = YES;
				ENABLE_TESTABILITY = YES;
				GCC_C_LANGUAGE_STANDARD = gnu99;
				GCC_DYNAMIC_NO_PIC = NO;
				GCC_NO_COMMON_BLOCKS = YES;
				GCC_OPTIMIZATION_LEVEL = 0;
				GCC_PREPROCESSOR_DEFINITIONS = (
					"DEBUG=1",
					"$(inherited)",
				);
				GCC_WARN_64_TO_32_BIT_CONVERSION = YES;
				GCC_WARN_ABOUT_RETURN_TYPE = YES_ERROR;
				GCC_WARN_UNDECLARED_SELECTOR = YES;
				GCC_WARN_UNINITIALIZED_AUTOS = YES_AGGRESSIVE;
				GCC_WARN_UNUSED_FUNCTION = YES;
				GCC_WARN_UNUSED_VARIABLE = YES;
				IPHONEOS_DEPLOYMENT_TARGET = 10.2;
				MTL_ENABLE_DEBUG_INFO = YES;
				ONLY_ACTIVE_ARCH = YES;
				SDKROOT = iphoneos;
				SWIFT_ACTIVE_COMPILATION_CONDITIONS = DEBUG;
				SWIFT_OPTIMIZATION_LEVEL = "-Onone";
				TARGETED_DEVICE_FAMILY = "1,2";
			};
			name = Debug;
		};
		54CC7DA71E3C891E001A2943 /* Release */ = {
			isa = XCBuildConfiguration;
			buildSettings = {
				ALWAYS_SEARCH_USER_PATHS = NO;
				CLANG_ANALYZER_NONNULL = YES;
				CLANG_CXX_LANGUAGE_STANDARD = "gnu++0x";
				CLANG_CXX_LIBRARY = "libc++";
				CLANG_ENABLE_MODULES = YES;
				CLANG_ENABLE_OBJC_ARC = YES;
				CLANG_WARN_BOOL_CONVERSION = YES;
				CLANG_WARN_CONSTANT_CONVERSION = YES;
				CLANG_WARN_DIRECT_OBJC_ISA_USAGE = YES_ERROR;
				CLANG_WARN_DOCUMENTATION_COMMENTS = YES;
				CLANG_WARN_EMPTY_BODY = YES;
				CLANG_WARN_ENUM_CONVERSION = YES;
				CLANG_WARN_INFINITE_RECURSION = YES;
				CLANG_WARN_INT_CONVERSION = YES;
				CLANG_WARN_OBJC_ROOT_CLASS = YES_ERROR;
				CLANG_WARN_SUSPICIOUS_MOVE = YES;
				CLANG_WARN_UNREACHABLE_CODE = YES;
				CLANG_WARN__DUPLICATE_METHOD_MATCH = YES;
				"CODE_SIGN_IDENTITY[sdk=iphoneos*]" = "iPhone Developer";
				COPY_PHASE_STRIP = NO;
				DEBUG_INFORMATION_FORMAT = "dwarf-with-dsym";
				ENABLE_NS_ASSERTIONS = NO;
				ENABLE_STRICT_OBJC_MSGSEND = YES;
				GCC_C_LANGUAGE_STANDARD = gnu99;
				GCC_NO_COMMON_BLOCKS = YES;
				GCC_WARN_64_TO_32_BIT_CONVERSION = YES;
				GCC_WARN_ABOUT_RETURN_TYPE = YES_ERROR;
				GCC_WARN_UNDECLARED_SELECTOR = YES;
				GCC_WARN_UNINITIALIZED_AUTOS = YES_AGGRESSIVE;
				GCC_WARN_UNUSED_FUNCTION = YES;
				GCC_WARN_UNUSED_VARIABLE = YES;
				IPHONEOS_DEPLOYMENT_TARGET = 10.2;
				MTL_ENABLE_DEBUG_INFO = NO;
				SDKROOT = iphoneos;
				SWIFT_OPTIMIZATION_LEVEL = "-Owholemodule";
				TARGETED_DEVICE_FAMILY = "1,2";
				VALIDATE_PRODUCT = YES;
			};
			name = Release;
		};
		54CC7DA91E3C891E001A2943 /* Debug */ = {
			isa = XCBuildConfiguration;
			buildSettings = {
				ASSETCATALOG_COMPILER_APPICON_NAME = AppIcon;
				DEVELOPMENT_TEAM = 9D2322888X;
				INFOPLIST_FILE = SecondKadaiApp/Info.plist;
				LD_RUNPATH_SEARCH_PATHS = "$(inherited) @executable_path/Frameworks";
				PRODUCT_BUNDLE_IDENTIFIER = jp.techacademy.shin02.SecondKadaiApp;
				PRODUCT_NAME = "$(TARGET_NAME)";
				SWIFT_VERSION = 3.0;
			};
			name = Debug;
		};
		54CC7DAA1E3C891E001A2943 /* Release */ = {
			isa = XCBuildConfiguration;
			buildSettings = {
				ASSETCATALOG_COMPILER_APPICON_NAME = AppIcon;
				DEVELOPMENT_TEAM = 9D2322888X;
				INFOPLIST_FILE = SecondKadaiApp/Info.plist;
				LD_RUNPATH_SEARCH_PATHS = "$(inherited) @executable_path/Frameworks";
				PRODUCT_BUNDLE_IDENTIFIER = jp.techacademy.shin02.SecondKadaiApp;
				PRODUCT_NAME = "$(TARGET_NAME)";
				SWIFT_VERSION = 3.0;
			};
			name = Release;
		};
/* End XCBuildConfiguration section */

/* Begin XCConfigurationList section */
		54CC7D911E3C891E001A2943 /* Build configuration list for PBXProject "SecondKadaiApp" */ = {
			isa = XCConfigurationList;
			buildConfigurations = (
				54CC7DA61E3C891E001A2943 /* Debug */,
				54CC7DA71E3C891E001A2943 /* Release */,
			);
			defaultConfigurationIsVisible = 0;
			defaultConfigurationName = Release;
		};
		54CC7DA81E3C891E001A2943 /* Build configuration list for PBXNativeTarget "SecondKadaiApp" */ = {
			isa = XCConfigurationList;
			buildConfigurations = (
				54CC7DA91E3C891E001A2943 /* Debug */,
				54CC7DAA1E3C891E001A2943 /* Release */,
			);
			defaultConfigurationIsVisible = 0;
		};
/* End XCConfigurationList section */
	};
	rootObject = 54CC7D8E1E3C891E001A2943 /* Project object */;
}
